
Microsoft Visual Studio Solution File, Format Version 12.00
# Visual Studio Version 17
VisualStudioVersion = 17.5.33530.505
MinimumVisualStudioVersion = 10.0.40219.1
Project("{9A19103F-16F7-4668-BE54-9A1E7A4F7556}") = "Api MCGA", "Api MCGA.csproj", "{7D003BA6-BB98-4EC4-8BC9-396A8702B41F}"
EndProject
Project("{FAE04EC0-301F-11D3-BF4B-00C04F79EFBC}") = "Web FORM", "..\Web FORM\Web FORM.csproj", "{03198D31-ED42-4E48-8F88-095B1DC9D554}"
EndProject
Global
	GlobalSection(SolutionConfigurationPlatforms) = preSolution
		Debug|Any CPU = Debug|Any CPU
		Release|Any CPU = Release|Any CPU
	EndGlobalSection
	GlobalSection(ProjectConfigurationPlatforms) = postSolution
		{7D003BA6-BB98-4EC4-8BC9-396A8702B41F}.Debug|Any CPU.ActiveCfg = Debug|Any CPU
		{7D003BA6-BB98-4EC4-8BC9-396A8702B41F}.Debug|Any CPU.Build.0 = Debug|Any CPU
		{7D003BA6-BB98-4EC4-8BC9-396A8702B41F}.Release|Any CPU.ActiveCfg = Release|Any CPU
		{7D003BA6-BB98-4EC4-8BC9-396A8702B41F}.Release|Any CPU.Build.0 = Release|Any CPU
		{03198D31-ED42-4E48-8F88-095B1DC9D554}.Debug|Any CPU.ActiveCfg = Debug|Any CPU
		{03198D31-ED42-4E48-8F88-095B1DC9D554}.Debug|Any CPU.Build.0 = Debug|Any CPU
		{03198D31-ED42-4E48-8F88-095B1DC9D554}.Release|Any CPU.ActiveCfg = Release|Any CPU
		{03198D31-ED42-4E48-8F88-095B1DC9D554}.Release|Any CPU.Build.0 = Release|Any CPU
	EndGlobalSection
	GlobalSection(SolutionProperties) = preSolution
		HideSolutionNode = FALSE
	EndGlobalSection
	GlobalSection(ExtensibilityGlobals) = postSolution
		SolutionGuid = {676EC8F6-90B4-4401-B07C-D7888160AA67}
	EndGlobalSection
EndGlobal
